// !$*UTF8*$!
{
	archiveVersion = 1;
	classes = {
	};
	objectVersion = 46;
	objects = {

/* Begin PBXBuildFile section */
		19A247CD187F6D0800CC9D7D /* Foundation.framework in Frameworks */ = {isa = PBXBuildFile; fileRef = 19A247CC187F6D0800CC9D7D /* Foundation.framework */; };
		19A247CF187F6D0800CC9D7D /* CoreGraphics.framework in Frameworks */ = {isa = PBXBuildFile; fileRef = 19A247CE187F6D0800CC9D7D /* CoreGraphics.framework */; };
		19A247D1187F6D0800CC9D7D /* UIKit.framework in Frameworks */ = {isa = PBXBuildFile; fileRef = 19A247D0187F6D0800CC9D7D /* UIKit.framework */; };
		19A247D7187F6D0800CC9D7D /* InfoPlist.strings in Resources */ = {isa = PBXBuildFile; fileRef = 19A247D5187F6D0800CC9D7D /* InfoPlist.strings */; };
		19A247D9187F6D0800CC9D7D /* main.m in Sources */ = {isa = PBXBuildFile; fileRef = 19A247D8187F6D0800CC9D7D /* main.m */; };
		19A247DD187F6D0800CC9D7D /* dictionnaireAppDelegate.m in Sources */ = {isa = PBXBuildFile; fileRef = 19A247DC187F6D0800CC9D7D /* dictionnaireAppDelegate.m */; };
		19A247E0187F6D0800CC9D7D /* Main_iPhone.storyboard in Resources */ = {isa = PBXBuildFile; fileRef = 19A247DE187F6D0800CC9D7D /* Main_iPhone.storyboard */; };
		19A247E3187F6D0800CC9D7D /* Main_iPad.storyboard in Resources */ = {isa = PBXBuildFile; fileRef = 19A247E1187F6D0800CC9D7D /* Main_iPad.storyboard */; };
		19A247E6187F6D0800CC9D7D /* dictionnaireViewController.m in Sources */ = {isa = PBXBuildFile; fileRef = 19A247E5187F6D0800CC9D7D /* dictionnaireViewController.m */; };
		19A247E8187F6D0800CC9D7D /* Images.xcassets in Resources */ = {isa = PBXBuildFile; fileRef = 19A247E7187F6D0800CC9D7D /* Images.xcassets */; };
		19A247EF187F6D0800CC9D7D /* XCTest.framework in Frameworks */ = {isa = PBXBuildFile; fileRef = 19A247EE187F6D0800CC9D7D /* XCTest.framework */; };
		19A247F0187F6D0800CC9D7D /* Foundation.framework in Frameworks */ = {isa = PBXBuildFile; fileRef = 19A247CC187F6D0800CC9D7D /* Foundation.framework */; };
		19A247F1187F6D0800CC9D7D /* UIKit.framework in Frameworks */ = {isa = PBXBuildFile; fileRef = 19A247D0187F6D0800CC9D7D /* UIKit.framework */; };
		19A247F9187F6D0800CC9D7D /* InfoPlist.strings in Resources */ = {isa = PBXBuildFile; fileRef = 19A247F7187F6D0800CC9D7D /* InfoPlist.strings */; };
		19A247FB187F6D0800CC9D7D /* LeDictionnaireTests.m in Sources */ = {isa = PBXBuildFile; fileRef = 19A247FA187F6D0800CC9D7D /* LeDictionnaireTests.m */; };
/* End PBXBuildFile section */

/* Begin PBXContainerItemProxy section */
		19A247F2187F6D0800CC9D7D /* PBXContainerItemProxy */ = {
			isa = PBXContainerItemProxy;
			containerPortal = 19A247C1187F6D0800CC9D7D /* Project object */;
			proxyType = 1;
			remoteGlobalIDString = 19A247C8187F6D0800CC9D7D;
			remoteInfo = LeDictionnaire;
		};
/* End PBXContainerItemProxy section */

/* Begin PBXFileReference section */
		19A247C9187F6D0800CC9D7D /* LeDictionnaire.app */ = {isa = PBXFileReference; explicitFileType = wrapper.application; includeInIndex = 0; path = LeDictionnaire.app; sourceTree = BUILT_PRODUCTS_DIR; };
		19A247CC187F6D0800CC9D7D /* Foundation.framework */ = {isa = PBXFileReference; lastKnownFileType = wrapper.framework; name = Foundation.framework; path = System/Library/Frameworks/Foundation.framework; sourceTree = SDKROOT; };
		19A247CE187F6D0800CC9D7D /* CoreGraphics.framework */ = {isa = PBXFileReference; lastKnownFileType = wrapper.framework; name = CoreGraphics.framework; path = System/Library/Frameworks/CoreGraphics.framework; sourceTree = SDKROOT; };
		19A247D0187F6D0800CC9D7D /* UIKit.framework */ = {isa = PBXFileReference; lastKnownFileType = wrapper.framework; name = UIKit.framework; path = System/Library/Frameworks/UIKit.framework; sourceTree = SDKROOT; };
		19A247D4187F6D0800CC9D7D /* LeDictionnaire-Info.plist */ = {isa = PBXFileReference; lastKnownFileType = text.plist.xml; path = "LeDictionnaire-Info.plist"; sourceTree = "<group>"; };
		19A247D6187F6D0800CC9D7D /* en */ = {isa = PBXFileReference; lastKnownFileType = text.plist.strings; name = en; path = en.lproj/InfoPlist.strings; sourceTree = "<group>"; };
		19A247D8187F6D0800CC9D7D /* main.m */ = {isa = PBXFileReference; lastKnownFileType = sourcecode.c.objc; path = main.m; sourceTree = "<group>"; };
		19A247DA187F6D0800CC9D7D /* LeDictionnaire-Prefix.pch */ = {isa = PBXFileReference; lastKnownFileType = sourcecode.c.h; path = "LeDictionnaire-Prefix.pch"; sourceTree = "<group>"; };
		19A247DB187F6D0800CC9D7D /* dictionnaireAppDelegate.h */ = {isa = PBXFileReference; lastKnownFileType = sourcecode.c.h; path = dictionnaireAppDelegate.h; sourceTree = "<group>"; };
		19A247DC187F6D0800CC9D7D /* dictionnaireAppDelegate.m */ = {isa = PBXFileReference; lastKnownFileType = sourcecode.c.objc; path = dictionnaireAppDelegate.m; sourceTree = "<group>"; };
		19A247DF187F6D0800CC9D7D /* Base */ = {isa = PBXFileReference; lastKnownFileType = file.storyboard; name = Base; path = Base.lproj/Main_iPhone.storyboard; sourceTree = "<group>"; };
		19A247E2187F6D0800CC9D7D /* Base */ = {isa = PBXFileReference; lastKnownFileType = file.storyboard; name = Base; path = Base.lproj/Main_iPad.storyboard; sourceTree = "<group>"; };
		19A247E4187F6D0800CC9D7D /* dictionnaireViewController.h */ = {isa = PBXFileReference; lastKnownFileType = sourcecode.c.h; path = dictionnaireViewController.h; sourceTree = "<group>"; };
		19A247E5187F6D0800CC9D7D /* dictionnaireViewController.m */ = {isa = PBXFileReference; lastKnownFileType = sourcecode.c.objc; path = dictionnaireViewController.m; sourceTree = "<group>"; };
		19A247E7187F6D0800CC9D7D /* Images.xcassets */ = {isa = PBXFileReference; lastKnownFileType = folder.assetcatalog; path = Images.xcassets; sourceTree = "<group>"; };
		19A247ED187F6D0800CC9D7D /* LeDictionnaireTests.xctest */ = {isa = PBXFileReference; explicitFileType = wrapper.cfbundle; includeInIndex = 0; path = LeDictionnaireTests.xctest; sourceTree = BUILT_PRODUCTS_DIR; };
		19A247EE187F6D0800CC9D7D /* XCTest.framework */ = {isa = PBXFileReference; lastKnownFileType = wrapper.framework; name = XCTest.framework; path = Library/Frameworks/XCTest.framework; sourceTree = DEVELOPER_DIR; };
		19A247F6187F6D0800CC9D7D /* LeDictionnaireTests-Info.plist */ = {isa = PBXFileReference; lastKnownFileType = text.plist.xml; path = "LeDictionnaireTests-Info.plist"; sourceTree = "<group>"; };
		19A247F8187F6D0800CC9D7D /* en */ = {isa = PBXFileReference; lastKnownFileType = text.plist.strings; name = en; path = en.lproj/InfoPlist.strings; sourceTree = "<group>"; };
		19A247FA187F6D0800CC9D7D /* LeDictionnaireTests.m */ = {isa = PBXFileReference; lastKnownFileType = sourcecode.c.objc; path = LeDictionnaireTests.m; sourceTree = "<group>"; };
/* End PBXFileReference section */

/* Begin PBXFrameworksBuildPhase section */
		19A247C6187F6D0800CC9D7D /* Frameworks */ = {
			isa = PBXFrameworksBuildPhase;
			buildActionMask = 2147483647;
			files = (
				19A247CF187F6D0800CC9D7D /* CoreGraphics.framework in Frameworks */,
				19A247D1187F6D0800CC9D7D /* UIKit.framework in Frameworks */,
				19A247CD187F6D0800CC9D7D /* Foundation.framework in Frameworks */,
			);
			runOnlyForDeploymentPostprocessing = 0;
		};
		19A247EA187F6D0800CC9D7D /* Frameworks */ = {
			isa = PBXFrameworksBuildPhase;
			buildActionMask = 2147483647;
			files = (
				19A247EF187F6D0800CC9D7D /* XCTest.framework in Frameworks */,
				19A247F1187F6D0800CC9D7D /* UIKit.framework in Frameworks */,
				19A247F0187F6D0800CC9D7D /* Foundation.framework in Frameworks */,
			);
			runOnlyForDeploymentPostprocessing = 0;
		};
/* End PBXFrameworksBuildPhase section */

/* Begin PBXGroup section */
		19A247C0187F6D0800CC9D7D = {
			isa = PBXGroup;
			children = (
				19A247D2187F6D0800CC9D7D /* LeDictionnaire */,
				19A247F4187F6D0800CC9D7D /* LeDictionnaireTests */,
				19A247CB187F6D0800CC9D7D /* Frameworks */,
				19A247CA187F6D0800CC9D7D /* Products */,
			);
			sourceTree = "<group>";
		};
		19A247CA187F6D0800CC9D7D /* Products */ = {
			isa = PBXGroup;
			children = (
				19A247C9187F6D0800CC9D7D /* LeDictionnaire.app */,
				19A247ED187F6D0800CC9D7D /* LeDictionnaireTests.xctest */,
			);
			name = Products;
			sourceTree = "<group>";
		};
		19A247CB187F6D0800CC9D7D /* Frameworks */ = {
			isa = PBXGroup;
			children = (
				19A247CC187F6D0800CC9D7D /* Foundation.framework */,
				19A247CE187F6D0800CC9D7D /* CoreGraphics.framework */,
				19A247D0187F6D0800CC9D7D /* UIKit.framework */,
				19A247EE187F6D0800CC9D7D /* XCTest.framework */,
			);
			name = Frameworks;
			sourceTree = "<group>";
		};
		19A247D2187F6D0800CC9D7D /* LeDictionnaire */ = {
			isa = PBXGroup;
			children = (
				19A247DB187F6D0800CC9D7D /* dictionnaireAppDelegate.h */,
				19A247DC187F6D0800CC9D7D /* dictionnaireAppDelegate.m */,
				19A247DE187F6D0800CC9D7D /* Main_iPhone.storyboard */,
				19A247E1187F6D0800CC9D7D /* Main_iPad.storyboard */,
				19A247E4187F6D0800CC9D7D /* dictionnaireViewController.h */,
				19A247E5187F6D0800CC9D7D /* dictionnaireViewController.m */,
				19A247E7187F6D0800CC9D7D /* Images.xcassets */,
				19A247D3187F6D0800CC9D7D /* Supporting Files */,
			);
			path = LeDictionnaire;
			sourceTree = "<group>";
		};
		19A247D3187F6D0800CC9D7D /* Supporting Files */ = {
			isa = PBXGroup;
			children = (
				19A247D4187F6D0800CC9D7D /* LeDictionnaire-Info.plist */,
				19A247D5187F6D0800CC9D7D /* InfoPlist.strings */,
				19A247D8187F6D0800CC9D7D /* main.m */,
				19A247DA187F6D0800CC9D7D /* LeDictionnaire-Prefix.pch */,
			);
			name = "Supporting Files";
			sourceTree = "<group>";
		};
		19A247F4187F6D0800CC9D7D /* LeDictionnaireTests */ = {
			isa = PBXGroup;
			children = (
				19A247FA187F6D0800CC9D7D /* LeDictionnaireTests.m */,
				19A247F5187F6D0800CC9D7D /* Supporting Files */,
			);
			path = LeDictionnaireTests;
			sourceTree = "<group>";
		};
		19A247F5187F6D0800CC9D7D /* Supporting Files */ = {
			isa = PBXGroup;
			children = (
				19A247F6187F6D0800CC9D7D /* LeDictionnaireTests-Info.plist */,
				19A247F7187F6D0800CC9D7D /* InfoPlist.strings */,
			);
			name = "Supporting Files";
			sourceTree = "<group>";
		};
/* End PBXGroup section */

/* Begin PBXNativeTarget section */
		19A247C8187F6D0800CC9D7D /* LeDictionnaire */ = {
			isa = PBXNativeTarget;
			buildConfigurationList = 19A247FE187F6D0800CC9D7D /* Build configuration list for PBXNativeTarget "LeDictionnaire" */;
			buildPhases = (
				19A247C5187F6D0800CC9D7D /* Sources */,
				19A247C6187F6D0800CC9D7D /* Frameworks */,
				19A247C7187F6D0800CC9D7D /* Resources */,
			);
			buildRules = (
			);
			dependencies = (
			);
			name = LeDictionnaire;
			productName = LeDictionnaire;
			productReference = 19A247C9187F6D0800CC9D7D /* LeDictionnaire.app */;
			productType = "com.apple.product-type.application";
		};
		19A247EC187F6D0800CC9D7D /* LeDictionnaireTests */ = {
			isa = PBXNativeTarget;
			buildConfigurationList = 19A24801187F6D0800CC9D7D /* Build configuration list for PBXNativeTarget "LeDictionnaireTests" */;
			buildPhases = (
				19A247E9187F6D0800CC9D7D /* Sources */,
				19A247EA187F6D0800CC9D7D /* Frameworks */,
				19A247EB187F6D0800CC9D7D /* Resources */,
			);
			buildRules = (
			);
			dependencies = (
				19A247F3187F6D0800CC9D7D /* PBXTargetDependency */,
			);
			name = LeDictionnaireTests;
			productName = LeDictionnaireTests;
			productReference = 19A247ED187F6D0800CC9D7D /* LeDictionnaireTests.xctest */;
			productType = "com.apple.product-type.bundle.unit-test";
		};
/* End PBXNativeTarget section */

/* Begin PBXProject section */
		19A247C1187F6D0800CC9D7D /* Project object */ = {
			isa = PBXProject;
			attributes = {
				CLASSPREFIX = Dictionnaire;
				LastUpgradeCheck = 0500;
				ORGANIZATIONNAME = "Icaro Camelo";
				TargetAttributes = {
					19A247EC187F6D0800CC9D7D = {
						TestTargetID = 19A247C8187F6D0800CC9D7D;
					};
				};
			};
			buildConfigurationList = 19A247C4187F6D0800CC9D7D /* Build configuration list for PBXProject "LeDictionnaire" */;
			compatibilityVersion = "Xcode 3.2";
			developmentRegion = English;
			hasScannedForEncodings = 0;
			knownRegions = (
				en,
				Base,
			);
			mainGroup = 19A247C0187F6D0800CC9D7D;
			productRefGroup = 19A247CA187F6D0800CC9D7D /* Products */;
			projectDirPath = "";
			projectRoot = "";
			targets = (
				19A247C8187F6D0800CC9D7D /* LeDictionnaire */,
				19A247EC187F6D0800CC9D7D /* LeDictionnaireTests */,
			);
		};
/* End PBXProject section */

/* Begin PBXResourcesBuildPhase section */
		19A247C7187F6D0800CC9D7D /* Resources */ = {
			isa = PBXResourcesBuildPhase;
			buildActionMask = 2147483647;
			files = (
				19A247E3187F6D0800CC9D7D /* Main_iPad.storyboard in Resources */,
				19A247E8187F6D0800CC9D7D /* Images.xcassets in Resources */,
				19A247E0187F6D0800CC9D7D /* Main_iPhone.storyboard in Resources */,
				19A247D7187F6D0800CC9D7D /* InfoPlist.strings in Resources */,
			);
			runOnlyForDeploymentPostprocessing = 0;
		};
		19A247EB187F6D0800CC9D7D /* Resources */ = {
			isa = PBXResourcesBuildPhase;
			buildActionMask = 2147483647;
			files = (
				19A247F9187F6D0800CC9D7D /* InfoPlist.strings in Resources */,
			);
			runOnlyForDeploymentPostprocessing = 0;
		};
/* End PBXResourcesBuildPhase section */

/* Begin PBXSourcesBuildPhase section */
		19A247C5187F6D0800CC9D7D /* Sources */ = {
			isa = PBXSourcesBuildPhase;
			buildActionMask = 2147483647;
			files = (
				19A247D9187F6D0800CC9D7D /* main.m in Sources */,
				19A247DD187F6D0800CC9D7D /* dictionnaireAppDelegate.m in Sources */,
				19A247E6187F6D0800CC9D7D /* dictionnaireViewController.m in Sources */,
			);
			runOnlyForDeploymentPostprocessing = 0;
		};
		19A247E9187F6D0800CC9D7D /* Sources */ = {
			isa = PBXSourcesBuildPhase;
			buildActionMask = 2147483647;
			files = (
				19A247FB187F6D0800CC9D7D /* LeDictionnaireTests.m in Sources */,
			);
			runOnlyForDeploymentPostprocessing = 0;
		};
/* End PBXSourcesBuildPhase section */

/* Begin PBXTargetDependency section */
		19A247F3187F6D0800CC9D7D /* PBXTargetDependency */ = {
			isa = PBXTargetDependency;
			target = 19A247C8187F6D0800CC9D7D /* LeDictionnaire */;
			targetProxy = 19A247F2187F6D0800CC9D7D /* PBXContainerItemProxy */;
		};
/* End PBXTargetDependency section */

/* Begin PBXVariantGroup section */
		19A247D5187F6D0800CC9D7D /* InfoPlist.strings */ = {
			isa = PBXVariantGroup;
			children = (
				19A247D6187F6D0800CC9D7D /* en */,
			);
			name = InfoPlist.strings;
			sourceTree = "<group>";
		};
		19A247DE187F6D0800CC9D7D /* Main_iPhone.storyboard */ = {
			isa = PBXVariantGroup;
			children = (
				19A247DF187F6D0800CC9D7D /* Base */,
			);
			name = Main_iPhone.storyboard;
			sourceTree = "<group>";
		};
		19A247E1187F6D0800CC9D7D /* Main_iPad.storyboard */ = {
			isa = PBXVariantGroup;
			children = (
				19A247E2187F6D0800CC9D7D /* Base */,
			);
			name = Main_iPad.storyboard;
			sourceTree = "<group>";
		};
		19A247F7187F6D0800CC9D7D /* InfoPlist.strings */ = {
			isa = PBXVariantGroup;
			children = (
				19A247F8187F6D0800CC9D7D /* en */,
			);
			name = InfoPlist.strings;
			sourceTree = "<group>";
		};
/* End PBXVariantGroup section */

/* Begin XCBuildConfiguration section */
		19A247FC187F6D0800CC9D7D /* Debug */ = {
			isa = XCBuildConfiguration;
			buildSettings = {
				ALWAYS_SEARCH_USER_PATHS = NO;
				ARCHS = "$(ARCHS_STANDARD_INCLUDING_64_BIT)";
				CLANG_CXX_LANGUAGE_STANDARD = "gnu++0x";
				CLANG_CXX_LIBRARY = "libc++";
				CLANG_ENABLE_MODULES = YES;
				CLANG_ENABLE_OBJC_ARC = YES;
				CLANG_WARN_BOOL_CONVERSION = YES;
				CLANG_WARN_CONSTANT_CONVERSION = YES;
				CLANG_WARN_DIRECT_OBJC_ISA_USAGE = YES_ERROR;
				CLANG_WARN_EMPTY_BODY = YES;
				CLANG_WARN_ENUM_CONVERSION = YES;
				CLANG_WARN_INT_CONVERSION = YES;
				CLANG_WARN_OBJC_ROOT_CLASS = YES_ERROR;
				CLANG_WARN__DUPLICATE_METHOD_MATCH = YES;
				"CODE_SIGN_IDENTITY[sdk=iphoneos*]" = "iPhone Developer";
				COPY_PHASE_STRIP = NO;
				GCC_C_LANGUAGE_STANDARD = gnu99;
				GCC_DYNAMIC_NO_PIC = NO;
				GCC_OPTIMIZATION_LEVEL = 0;
				GCC_PREPROCESSOR_DEFINITIONS = (
					"DEBUG=1",
					"$(inherited)",
				);
				GCC_SYMBOLS_PRIVATE_EXTERN = NO;
				GCC_WARN_64_TO_32_BIT_CONVERSION = YES;
				GCC_WARN_ABOUT_RETURN_TYPE = YES_ERROR;
				GCC_WARN_UNDECLARED_SELECTOR = YES;
				GCC_WARN_UNINITIALIZED_AUTOS = YES;
				GCC_WARN_UNUSED_FUNCTION = YES;
				GCC_WARN_UNUSED_VARIABLE = YES;
				IPHONEOS_DEPLOYMENT_TARGET = 7.0;
				ONLY_ACTIVE_ARCH = YES;
				SDKROOT = iphoneos;
				TARGETED_DEVICE_FAMILY = "1,2";
			};
			name = Debug;
		};
		19A247FD187F6D0800CC9D7D /* Release */ = {
			isa = XCBuildConfiguration;
			buildSettings = {
				ALWAYS_SEARCH_USER_PATHS = NO;
				ARCHS = "$(ARCHS_STANDARD_INCLUDING_64_BIT)";
				CLANG_CXX_LANGUAGE_STANDARD = "gnu++0x";
				CLANG_CXX_LIBRARY = "libc++";
				CLANG_ENABLE_MODULES = YES;
				CLANG_ENABLE_OBJC_ARC = YES;
				CLANG_WARN_BOOL_CONVERSION = YES;
				CLANG_WARN_CONSTANT_CONVERSION = YES;
				CLANG_WARN_DIRECT_OBJC_ISA_USAGE = YES_ERROR;
				CLANG_WARN_EMPTY_BODY = YES;
				CLANG_WARN_ENUM_CONVERSION = YES;
				CLANG_WARN_INT_CONVERSION = YES;
				CLANG_WARN_OBJC_ROOT_CLASS = YES_ERROR;
				CLANG_WARN__DUPLICATE_METHOD_MATCH = YES;
				"CODE_SIGN_IDENTITY[sdk=iphoneos*]" = "iPhone Developer";
				COPY_PHASE_STRIP = YES;
				ENABLE_NS_ASSERTIONS = NO;
				GCC_C_LANGUAGE_STANDARD = gnu99;
				GCC_WARN_64_TO_32_BIT_CONVERSION = YES;
				GCC_WARN_ABOUT_RETURN_TYPE = YES_ERROR;
				GCC_WARN_UNDECLARED_SELECTOR = YES;
				GCC_WARN_UNINITIALIZED_AUTOS = YES;
				GCC_WARN_UNUSED_FUNCTION = YES;
				GCC_WARN_UNUSED_VARIABLE = YES;
				IPHONEOS_DEPLOYMENT_TARGET = 7.0;
				SDKROOT = iphoneos;
				TARGETED_DEVICE_FAMILY = "1,2";
				VALIDATE_PRODUCT = YES;
			};
			name = Release;
		};
		19A247FF187F6D0800CC9D7D /* Debug */ = {
			isa = XCBuildConfiguration;
			buildSettings = {
				ASSETCATALOG_COMPILER_APPICON_NAME = AppIcon;
				ASSETCATALOG_COMPILER_LAUNCHIMAGE_NAME = LaunchImage;
				GCC_PRECOMPILE_PREFIX_HEADER = YES;
				GCC_PREFIX_HEADER = "LeDictionnaire/LeDictionnaire-Prefix.pch";
				INFOPLIST_FILE = "LeDictionnaire/LeDictionnaire-Info.plist";
				PRODUCT_NAME = "$(TARGET_NAME)";
				WRAPPER_EXTENSION = app;
			};
			name = Debug;
		};
		19A24800187F6D0800CC9D7D /* Release */ = {
			isa = XCBuildConfiguration;
			buildSettings = {
				ASSETCATALOG_COMPILER_APPICON_NAME = AppIcon;
				ASSETCATALOG_COMPILER_LAUNCHIMAGE_NAME = LaunchImage;
				GCC_PRECOMPILE_PREFIX_HEADER = YES;
				GCC_PREFIX_HEADER = "LeDictionnaire/LeDictionnaire-Prefix.pch";
				INFOPLIST_FILE = "LeDictionnaire/LeDictionnaire-Info.plist";
				PRODUCT_NAME = "$(TARGET_NAME)";
				WRAPPER_EXTENSION = app;
			};
			name = Release;
		};
		19A24802187F6D0800CC9D7D /* Debug */ = {
			isa = XCBuildConfiguration;
			buildSettings = {
				ARCHS = "$(ARCHS_STANDARD_INCLUDING_64_BIT)";
				BUNDLE_LOADER = "$(BUILT_PRODUCTS_DIR)/LeDictionnaire.app/LeDictionnaire";
				FRAMEWORK_SEARCH_PATHS = (
					"$(SDKROOT)/Developer/Library/Frameworks",
					"$(inherited)",
					"$(DEVELOPER_FRAMEWORKS_DIR)",
				);
				GCC_PRECOMPILE_PREFIX_HEADER = YES;
				GCC_PREFIX_HEADER = "LeDictionnaire/LeDictionnaire-Prefix.pch";
				GCC_PREPROCESSOR_DEFINITIONS = (
					"DEBUG=1",
					"$(inherited)",
				);
				INFOPLIST_FILE = "LeDictionnaireTests/LeDictionnaireTests-Info.plist";
				PRODUCT_NAME = "$(TARGET_NAME)";
				TEST_HOST = "$(BUNDLE_LOADER)";
				WRAPPER_EXTENSION = xctest;
			};
			name = Debug;
		};
		19A24803187F6D0800CC9D7D /* Release */ = {
			isa = XCBuildConfiguration;
			buildSettings = {
				ARCHS = "$(ARCHS_STANDARD_INCLUDING_64_BIT)";
				BUNDLE_LOADER = "$(BUILT_PRODUCTS_DIR)/LeDictionnaire.app/LeDictionnaire";
				FRAMEWORK_SEARCH_PATHS = (
					"$(SDKROOT)/Developer/Library/Frameworks",
					"$(inherited)",
					"$(DEVELOPER_FRAMEWORKS_DIR)",
				);
				GCC_PRECOMPILE_PREFIX_HEADER = YES;
				GCC_PREFIX_HEADER = "LeDictionnaire/LeDictionnaire-Prefix.pch";
				INFOPLIST_FILE = "LeDictionnaireTests/LeDictionnaireTests-Info.plist";
				PRODUCT_NAME = "$(TARGET_NAME)";
				TEST_HOST = "$(BUNDLE_LOADER)";
				WRAPPER_EXTENSION = xctest;
			};
			name = Release;
		};
/* End XCBuildConfiguration section */

/* Begin XCConfigurationList section */
		19A247C4187F6D0800CC9D7D /* Build configuration list for PBXProject "LeDictionnaire" */ = {
			isa = XCConfigurationList;
			buildConfigurations = (
				19A247FC187F6D0800CC9D7D /* Debug */,
				19A247FD187F6D0800CC9D7D /* Release */,
			);
			defaultConfigurationIsVisible = 0;
			defaultConfigurationName = Release;
		};
		19A247FE187F6D0800CC9D7D /* Build configuration list for PBXNativeTarget "LeDictionnaire" */ = {
			isa = XCConfigurationList;
			buildConfigurations = (
				19A247FF187F6D0800CC9D7D /* Debug */,
				19A24800187F6D0800CC9D7D /* Release */,
			);
			defaultConfigurationIsVisible = 0;
		};
		19A24801187F6D0800CC9D7D /* Build configuration list for PBXNativeTarget "LeDictionnaireTests" */ = {
			isa = XCConfigurationList;
			buildConfigurations = (
				19A24802187F6D0800CC9D7D /* Debug */,
				19A24803187F6D0800CC9D7D /* Release */,
			);
			defaultConfigurationIsVisible = 0;
		};
/* End XCConfigurationList section */
	};
	rootObject = 19A247C1187F6D0800CC9D7D /* Project object */;
}
